
Microsoft Visual Studio Solution File, Format Version 12.00
# Visual Studio Version 16
VisualStudioVersion = 16.0.32901.82
MinimumVisualStudioVersion = 10.0.40219.1
Project("{FAE04EC0-301F-11D3-BF4B-00C04F79EFBC}") = "webQLTV_ltth", "webQLTV_ltth\webQLTV_ltth.csproj", "{C7CF0916-66CC-481B-B3F8-AFC94F82B8F4}"
EndProject
Global
	GlobalSection(SolutionConfigurationPlatforms) = preSolution
		Debug|Any CPU = Debug|Any CPU
		Release|Any CPU = Release|Any CPU
	EndGlobalSection
	GlobalSection(ProjectConfigurationPlatforms) = postSolution
		{C7CF0916-66CC-481B-B3F8-AFC94F82B8F4}.Debug|Any CPU.ActiveCfg = Debug|Any CPU
		{C7CF0916-66CC-481B-B3F8-AFC94F82B8F4}.Debug|Any CPU.Build.0 = Debug|Any CPU
		{C7CF0916-66CC-481B-B3F8-AFC94F82B8F4}.Release|Any CPU.ActiveCfg = Release|Any CPU
		{C7CF0916-66CC-481B-B3F8-AFC94F82B8F4}.Release|Any CPU.Build.0 = Release|Any CPU
	EndGlobalSection
	GlobalSection(SolutionProperties) = preSolution
		HideSolutionNode = FALSE
	EndGlobalSection
	GlobalSection(ExtensibilityGlobals) = postSolution
		SolutionGuid = {FF9247DE-A52D-4915-A2E4-5EE2F785FE5F}
	EndGlobalSection
EndGlobal
